
Microsoft Visual Studio Solution File, Format Version 12.00
Project("{FAE04EC0-301F-11D3-BF4B-00C04F79EFBC}") = "SolarWatch", "SolarWatch\SolarWatch\SolarWatch.csproj", "{6B77E611-39D0-4620-B569-8541A173B50D}"
EndProject
Project("{FAE04EC0-301F-11D3-BF4B-00C04F79EFBC}") = "SolarIntegrationTest", "SolarIntegrationTest\SolarIntegrationTest.csproj", "{13740ACB-C38D-4320-BEB3-5618F647777B}"
EndProject
Global
	GlobalSection(SolutionConfigurationPlatforms) = preSolution
		Debug|Any CPU = Debug|Any CPU
		Release|Any CPU = Release|Any CPU
	EndGlobalSection
	GlobalSection(ProjectConfigurationPlatforms) = postSolution
		{6B77E611-39D0-4620-B569-8541A173B50D}.Debug|Any CPU.ActiveCfg = Debug|Any CPU
		{6B77E611-39D0-4620-B569-8541A173B50D}.Debug|Any CPU.Build.0 = Debug|Any CPU
		{6B77E611-39D0-4620-B569-8541A173B50D}.Release|Any CPU.ActiveCfg = Release|Any CPU
		{6B77E611-39D0-4620-B569-8541A173B50D}.Release|Any CPU.Build.0 = Release|Any CPU
		{13740ACB-C38D-4320-BEB3-5618F647777B}.Debug|Any CPU.ActiveCfg = Debug|Any CPU
		{13740ACB-C38D-4320-BEB3-5618F647777B}.Debug|Any CPU.Build.0 = Debug|Any CPU
		{13740ACB-C38D-4320-BEB3-5618F647777B}.Release|Any CPU.ActiveCfg = Release|Any CPU
		{13740ACB-C38D-4320-BEB3-5618F647777B}.Release|Any CPU.Build.0 = Release|Any CPU
	EndGlobalSection
EndGlobal
